// !$*UTF8*$!
{
	archiveVersion = 1;
	classes = {
	};
	objectVersion = 56;
	objects = {

/* Begin PBXBuildFile section */
		703450B52D80A2C80060CFE4 /* VigramSDK in Frameworks */ = {isa = PBXBuildFile; productRef = 703450B42D80A2C80060CFE4 /* VigramSDK */; };
		703450B72D80A2C80060CFE4 /* VigramSDK+Rx in Frameworks */ = {isa = PBXBuildFile; productRef = 703450B62D80A2C80060CFE4 /* VigramSDK+Rx */; };
		7036D65A2B3DB28C0036D5E0 /* MainScreenModel.swift in Sources */ = {isa = PBXBuildFile; fileRef = 7036D6372B3DB28B0036D5E0 /* MainScreenModel.swift */; };
		7036D65B2B3DB28C0036D5E0 /* MainScreenViewModel.swift in Sources */ = {isa = PBXBuildFile; fileRef = 7036D6382B3DB28B0036D5E0 /* MainScreenViewModel.swift */; };
		7036D65C2B3DB28C0036D5E0 /* DeviceInfoSubview.swift in Sources */ = {isa = PBXBuildFile; fileRef = 7036D63A2B3DB28B0036D5E0 /* DeviceInfoSubview.swift */; };
		7036D65F2B3DB28C0036D5E0 /* NTRIPControlSubview.swift in Sources */ = {isa = PBXBuildFile; fileRef = 7036D63D2B3DB28B0036D5E0 /* NTRIPControlSubview.swift */; };
		7036D6602B3DB28C0036D5E0 /* NMEASubview.swift in Sources */ = {isa = PBXBuildFile; fileRef = 7036D63E2B3DB28B0036D5E0 /* NMEASubview.swift */; };
		7036D6612B3DB28C0036D5E0 /* PPKMeasurementsSubview.swift in Sources */ = {isa = PBXBuildFile; fileRef = 7036D63F2B3DB28B0036D5E0 /* PPKMeasurementsSubview.swift */; };
		7036D6622B3DB28C0036D5E0 /* LaserMeasurementsSubview.swift in Sources */ = {isa = PBXBuildFile; fileRef = 7036D6402B3DB28B0036D5E0 /* LaserMeasurementsSubview.swift */; };
		7036D6632B3DB28C0036D5E0 /* ConnectToDeviceSubview.swift in Sources */ = {isa = PBXBuildFile; fileRef = 7036D6412B3DB28B0036D5E0 /* ConnectToDeviceSubview.swift */; };
		7036D6662B3DB28C0036D5E0 /* DeviceConfigSubview.swift in Sources */ = {isa = PBXBuildFile; fileRef = 7036D6442B3DB28B0036D5E0 /* DeviceConfigSubview.swift */; };
		7036D6672B3DB28C0036D5E0 /* SinglePointSubview.swift in Sources */ = {isa = PBXBuildFile; fileRef = 7036D6452B3DB28B0036D5E0 /* SinglePointSubview.swift */; };
		7036D6682B3DB28C0036D5E0 /* MainScreenView.swift in Sources */ = {isa = PBXBuildFile; fileRef = 7036D6462B3DB28B0036D5E0 /* MainScreenView.swift */; };
		7036D6692B3DB28C0036D5E0 /* FileWorker.swift in Sources */ = {isa = PBXBuildFile; fileRef = 7036D6482B3DB28B0036D5E0 /* FileWorker.swift */; };
		7036D66A2B3DB28C0036D5E0 /* VigramHelper.swift in Sources */ = {isa = PBXBuildFile; fileRef = 7036D64A2B3DB28B0036D5E0 /* VigramHelper.swift */; };
		7036D66C2B3DB28C0036D5E0 /* NTRIPCredentials.swift in Sources */ = {isa = PBXBuildFile; fileRef = 7036D64E2B3DB28C0036D5E0 /* NTRIPCredentials.swift */; };
		7036D66D2B3DB28C0036D5E0 /* Foundation+Extension.swift in Sources */ = {isa = PBXBuildFile; fileRef = 7036D6502B3DB28C0036D5E0 /* Foundation+Extension.swift */; };
		7036D66E2B3DB28C0036D5E0 /* SwiftUI+Extension.swift in Sources */ = {isa = PBXBuildFile; fileRef = 7036D6512B3DB28C0036D5E0 /* SwiftUI+Extension.swift */; };
		7036D66F2B3DB28C0036D5E0 /* Combine+Extension.swift in Sources */ = {isa = PBXBuildFile; fileRef = 7036D6522B3DB28C0036D5E0 /* Combine+Extension.swift */; };
		7036D6702B3DB28C0036D5E0 /* SelectButton.swift in Sources */ = {isa = PBXBuildFile; fileRef = 7036D6542B3DB28C0036D5E0 /* SelectButton.swift */; };
		7036D6712B3DB28C0036D5E0 /* ActivityViewController.swift in Sources */ = {isa = PBXBuildFile; fileRef = 7036D6552B3DB28C0036D5E0 /* ActivityViewController.swift */; };
		7036D6722B3DB28C0036D5E0 /* LoadingView.swift in Sources */ = {isa = PBXBuildFile; fileRef = 7036D6562B3DB28C0036D5E0 /* LoadingView.swift */; };
		707E0150298D08C100F3A611 /* VigramSDK_DemoApp.swift in Sources */ = {isa = PBXBuildFile; fileRef = 707E014F298D08C100F3A611 /* VigramSDK_DemoApp.swift */; };
		707E0154298D08C300F3A611 /* Assets.xcassets in Resources */ = {isa = PBXBuildFile; fileRef = 707E0153298D08C300F3A611 /* Assets.xcassets */; };
		70B1E7DA2C00B3750075460E /* HalfSheetController.swift in Sources */ = {isa = PBXBuildFile; fileRef = 70B1E7D92C00B3750075460E /* HalfSheetController.swift */; };
		70B1E7DC2C00B3C20075460E /* RadioButtonField.swift in Sources */ = {isa = PBXBuildFile; fileRef = 70B1E7DB2C00B3C20075460E /* RadioButtonField.swift */; };
		70B1E7DE2C00BDBE0075460E /* MountPointsSubview.swift in Sources */ = {isa = PBXBuildFile; fileRef = 70B1E7DD2C00BDBE0075460E /* MountPointsSubview.swift */; };
/* End PBXBuildFile section */

/* Begin PBXFileReference section */
		7036D6372B3DB28B0036D5E0 /* MainScreenModel.swift */ = {isa = PBXFileReference; fileEncoding = 4; lastKnownFileType = sourcecode.swift; path = MainScreenModel.swift; sourceTree = "<group>"; };
		7036D6382B3DB28B0036D5E0 /* MainScreenViewModel.swift */ = {isa = PBXFileReference; fileEncoding = 4; lastKnownFileType = sourcecode.swift; path = MainScreenViewModel.swift; sourceTree = "<group>"; };
		7036D63A2B3DB28B0036D5E0 /* DeviceInfoSubview.swift */ = {isa = PBXFileReference; fileEncoding = 4; lastKnownFileType = sourcecode.swift; path = DeviceInfoSubview.swift; sourceTree = "<group>"; };
		7036D63D2B3DB28B0036D5E0 /* NTRIPControlSubview.swift */ = {isa = PBXFileReference; fileEncoding = 4; lastKnownFileType = sourcecode.swift; path = NTRIPControlSubview.swift; sourceTree = "<group>"; };
		7036D63E2B3DB28B0036D5E0 /* NMEASubview.swift */ = {isa = PBXFileReference; fileEncoding = 4; lastKnownFileType = sourcecode.swift; path = NMEASubview.swift; sourceTree = "<group>"; };
		7036D63F2B3DB28B0036D5E0 /* PPKMeasurementsSubview.swift */ = {isa = PBXFileReference; fileEncoding = 4; lastKnownFileType = sourcecode.swift; path = PPKMeasurementsSubview.swift; sourceTree = "<group>"; };
		7036D6402B3DB28B0036D5E0 /* LaserMeasurementsSubview.swift */ = {isa = PBXFileReference; fileEncoding = 4; lastKnownFileType = sourcecode.swift; path = LaserMeasurementsSubview.swift; sourceTree = "<group>"; };
		7036D6412B3DB28B0036D5E0 /* ConnectToDeviceSubview.swift */ = {isa = PBXFileReference; fileEncoding = 4; lastKnownFileType = sourcecode.swift; path = ConnectToDeviceSubview.swift; sourceTree = "<group>"; };
		7036D6442B3DB28B0036D5E0 /* DeviceConfigSubview.swift */ = {isa = PBXFileReference; fileEncoding = 4; lastKnownFileType = sourcecode.swift; path = DeviceConfigSubview.swift; sourceTree = "<group>"; };
		7036D6452B3DB28B0036D5E0 /* SinglePointSubview.swift */ = {isa = PBXFileReference; fileEncoding = 4; lastKnownFileType = sourcecode.swift; path = SinglePointSubview.swift; sourceTree = "<group>"; };
		7036D6462B3DB28B0036D5E0 /* MainScreenView.swift */ = {isa = PBXFileReference; fileEncoding = 4; lastKnownFileType = sourcecode.swift; path = MainScreenView.swift; sourceTree = "<group>"; };
		7036D6482B3DB28B0036D5E0 /* FileWorker.swift */ = {isa = PBXFileReference; fileEncoding = 4; lastKnownFileType = sourcecode.swift; path = FileWorker.swift; sourceTree = "<group>"; };
		7036D64A2B3DB28B0036D5E0 /* VigramHelper.swift */ = {isa = PBXFileReference; fileEncoding = 4; lastKnownFileType = sourcecode.swift; path = VigramHelper.swift; sourceTree = "<group>"; };
		7036D64E2B3DB28C0036D5E0 /* NTRIPCredentials.swift */ = {isa = PBXFileReference; fileEncoding = 4; lastKnownFileType = sourcecode.swift; path = NTRIPCredentials.swift; sourceTree = "<group>"; };
		7036D6502B3DB28C0036D5E0 /* Foundation+Extension.swift */ = {isa = PBXFileReference; fileEncoding = 4; lastKnownFileType = sourcecode.swift; path = "Foundation+Extension.swift"; sourceTree = "<group>"; };
		7036D6512B3DB28C0036D5E0 /* SwiftUI+Extension.swift */ = {isa = PBXFileReference; fileEncoding = 4; lastKnownFileType = sourcecode.swift; path = "SwiftUI+Extension.swift"; sourceTree = "<group>"; };
		7036D6522B3DB28C0036D5E0 /* Combine+Extension.swift */ = {isa = PBXFileReference; fileEncoding = 4; lastKnownFileType = sourcecode.swift; path = "Combine+Extension.swift"; sourceTree = "<group>"; };
		7036D6542B3DB28C0036D5E0 /* SelectButton.swift */ = {isa = PBXFileReference; fileEncoding = 4; lastKnownFileType = sourcecode.swift; path = SelectButton.swift; sourceTree = "<group>"; };
		7036D6552B3DB28C0036D5E0 /* ActivityViewController.swift */ = {isa = PBXFileReference; fileEncoding = 4; lastKnownFileType = sourcecode.swift; path = ActivityViewController.swift; sourceTree = "<group>"; };
		7036D6562B3DB28C0036D5E0 /* LoadingView.swift */ = {isa = PBXFileReference; fileEncoding = 4; lastKnownFileType = sourcecode.swift; path = LoadingView.swift; sourceTree = "<group>"; };
		707E014C298D08C100F3A611 /* VigramSDKDemo App.app */ = {isa = PBXFileReference; explicitFileType = wrapper.application; includeInIndex = 0; path = "VigramSDKDemo App.app"; sourceTree = BUILT_PRODUCTS_DIR; };
		707E014F298D08C100F3A611 /* VigramSDK_DemoApp.swift */ = {isa = PBXFileReference; lastKnownFileType = sourcecode.swift; path = VigramSDK_DemoApp.swift; sourceTree = "<group>"; };
		707E0153298D08C300F3A611 /* Assets.xcassets */ = {isa = PBXFileReference; lastKnownFileType = folder.assetcatalog; path = Assets.xcassets; sourceTree = "<group>"; };
		70B1E7D92C00B3750075460E /* HalfSheetController.swift */ = {isa = PBXFileReference; lastKnownFileType = sourcecode.swift; path = HalfSheetController.swift; sourceTree = "<group>"; };
		70B1E7DB2C00B3C20075460E /* RadioButtonField.swift */ = {isa = PBXFileReference; lastKnownFileType = sourcecode.swift; path = RadioButtonField.swift; sourceTree = "<group>"; };
		70B1E7DD2C00BDBE0075460E /* MountPointsSubview.swift */ = {isa = PBXFileReference; lastKnownFileType = sourcecode.swift; path = MountPointsSubview.swift; sourceTree = "<group>"; };
		70B1E7DF2C00CA900075460E /* VigramSDK-Demo-Info.plist */ = {isa = PBXFileReference; lastKnownFileType = text.plist.xml; path = "VigramSDK-Demo-Info.plist"; sourceTree = SOURCE_ROOT; };
/* End PBXFileReference section */

/* Begin PBXFrameworksBuildPhase section */
		707E0149298D08C100F3A611 /* Frameworks */ = {
			isa = PBXFrameworksBuildPhase;
			buildActionMask = 2147483647;
			files = (
				703450B52D80A2C80060CFE4 /* VigramSDK in Frameworks */,
				703450B72D80A2C80060CFE4 /* VigramSDK+Rx in Frameworks */,
			);
			runOnlyForDeploymentPostprocessing = 0;
		};
/* End PBXFrameworksBuildPhase section */

/* Begin PBXGroup section */
		7036D6352B3DB28B0036D5E0 /* Screens */ = {
			isa = PBXGroup;
			children = (
				7036D6362B3DB28B0036D5E0 /* MainScreen */,
			);
			path = Screens;
			sourceTree = "<group>";
		};
		7036D6362B3DB28B0036D5E0 /* MainScreen */ = {
			isa = PBXGroup;
			children = (
				7036D6392B3DB28B0036D5E0 /* SubViews */,
				7036D6372B3DB28B0036D5E0 /* MainScreenModel.swift */,
				7036D6382B3DB28B0036D5E0 /* MainScreenViewModel.swift */,
				7036D6462B3DB28B0036D5E0 /* MainScreenView.swift */,
			);
			path = MainScreen;
			sourceTree = "<group>";
		};
		7036D6392B3DB28B0036D5E0 /* SubViews */ = {
			isa = PBXGroup;
			children = (
				7036D63A2B3DB28B0036D5E0 /* DeviceInfoSubview.swift */,
				7036D63D2B3DB28B0036D5E0 /* NTRIPControlSubview.swift */,
				7036D63E2B3DB28B0036D5E0 /* NMEASubview.swift */,
				7036D63F2B3DB28B0036D5E0 /* PPKMeasurementsSubview.swift */,
				7036D6402B3DB28B0036D5E0 /* LaserMeasurementsSubview.swift */,
				7036D6412B3DB28B0036D5E0 /* ConnectToDeviceSubview.swift */,
				7036D6442B3DB28B0036D5E0 /* DeviceConfigSubview.swift */,
				7036D6452B3DB28B0036D5E0 /* SinglePointSubview.swift */,
				70B1E7DD2C00BDBE0075460E /* MountPointsSubview.swift */,
			);
			path = SubViews;
			sourceTree = "<group>";
		};
		7036D6472B3DB28B0036D5E0 /* Storage */ = {
			isa = PBXGroup;
			children = (
				7036D6482B3DB28B0036D5E0 /* FileWorker.swift */,
			);
			path = Storage;
			sourceTree = "<group>";
		};
		7036D6492B3DB28B0036D5E0 /* API */ = {
			isa = PBXGroup;
			children = (
				7036D64A2B3DB28B0036D5E0 /* VigramHelper.swift */,
			);
			path = API;
			sourceTree = "<group>";
		};
		7036D64B2B3DB28C0036D5E0 /* SupportingFiles */ = {
			isa = PBXGroup;
			children = (
				707E0153298D08C300F3A611 /* Assets.xcassets */,
			);
			path = SupportingFiles;
			sourceTree = "<group>";
		};
		7036D64D2B3DB28C0036D5E0 /* Entities */ = {
			isa = PBXGroup;
			children = (
				7036D64E2B3DB28C0036D5E0 /* NTRIPCredentials.swift */,
			);
			path = Entities;
			sourceTree = "<group>";
		};
		7036D64F2B3DB28C0036D5E0 /* Extensions */ = {
			isa = PBXGroup;
			children = (
				7036D6502B3DB28C0036D5E0 /* Foundation+Extension.swift */,
				7036D6512B3DB28C0036D5E0 /* SwiftUI+Extension.swift */,
				7036D6522B3DB28C0036D5E0 /* Combine+Extension.swift */,
			);
			path = Extensions;
			sourceTree = "<group>";
		};
		7036D6532B3DB28C0036D5E0 /* CustomViews */ = {
			isa = PBXGroup;
			children = (
				7036D6542B3DB28C0036D5E0 /* SelectButton.swift */,
				7036D6552B3DB28C0036D5E0 /* ActivityViewController.swift */,
				7036D6562B3DB28C0036D5E0 /* LoadingView.swift */,
				70B1E7D92C00B3750075460E /* HalfSheetController.swift */,
				70B1E7DB2C00B3C20075460E /* RadioButtonField.swift */,
			);
			path = CustomViews;
			sourceTree = "<group>";
		};
		707E0143298D08C100F3A611 = {
			isa = PBXGroup;
			children = (
				70B1E7DF2C00CA900075460E /* VigramSDK-Demo-Info.plist */,
				707E014D298D08C100F3A611 /* Products */,
				707E014E298D08C100F3A611 /* VigramSDK Demo */,
			);
			sourceTree = "<group>";
		};
		707E014D298D08C100F3A611 /* Products */ = {
			isa = PBXGroup;
			children = (
				707E014C298D08C100F3A611 /* VigramSDKDemo App.app */,
			);
			name = Products;
			sourceTree = "<group>";
		};
		707E014E298D08C100F3A611 /* VigramSDK Demo */ = {
			isa = PBXGroup;
			children = (
				7036D6492B3DB28B0036D5E0 /* API */,
				7036D6532B3DB28C0036D5E0 /* CustomViews */,
				7036D64D2B3DB28C0036D5E0 /* Entities */,
				7036D64F2B3DB28C0036D5E0 /* Extensions */,
				7036D6352B3DB28B0036D5E0 /* Screens */,
				7036D6472B3DB28B0036D5E0 /* Storage */,
				7036D64B2B3DB28C0036D5E0 /* SupportingFiles */,
				707E014F298D08C100F3A611 /* VigramSDK_DemoApp.swift */,
			);
			path = "VigramSDK Demo";
			sourceTree = "<group>";
		};
/* End PBXGroup section */

/* Begin PBXNativeTarget section */
		707E014B298D08C100F3A611 /* VigramSDKDemo */ = {
			isa = PBXNativeTarget;
			buildConfigurationList = 707E015A298D08C300F3A611 /* Build configuration list for PBXNativeTarget "VigramSDKDemo" */;
			buildPhases = (
				707E0148298D08C100F3A611 /* Sources */,
				707E0149298D08C100F3A611 /* Frameworks */,
				707E014A298D08C100F3A611 /* Resources */,
			);
			buildRules = (
			);
			dependencies = (
			);
			name = VigramSDKDemo;
			packageProductDependencies = (
				703450B42D80A2C80060CFE4 /* VigramSDK */,
				703450B62D80A2C80060CFE4 /* VigramSDK+Rx */,
			);
			productName = "VigramSDK Demo";
			productReference = 707E014C298D08C100F3A611 /* VigramSDKDemo App.app */;
			productType = "com.apple.product-type.application";
		};
/* End PBXNativeTarget section */

/* Begin PBXProject section */
		707E0144298D08C100F3A611 /* Project object */ = {
			isa = PBXProject;
			attributes = {
				BuildIndependentTargetsInParallel = 1;
				LastSwiftUpdateCheck = 1420;
				LastUpgradeCheck = 1530;
				TargetAttributes = {
					707E014B298D08C100F3A611 = {
						CreatedOnToolsVersion = 14.2;
					};
				};
			};
			buildConfigurationList = 707E0147298D08C100F3A611 /* Build configuration list for PBXProject "VigramSDKDemo" */;
			compatibilityVersion = "Xcode 14.0";
			developmentRegion = en;
			hasScannedForEncodings = 0;
			knownRegions = (
				en,
				Base,
			);
			mainGroup = 707E0143298D08C100F3A611;
			packageReferences = (
				703450B32D80A2C80060CFE4 /* XCRemoteSwiftPackageReference "SDK_iOS_viDoc_Distribution" */,
			);
			productRefGroup = 707E014D298D08C100F3A611 /* Products */;
			projectDirPath = "";
			projectRoot = "";
			targets = (
				707E014B298D08C100F3A611 /* VigramSDKDemo */,
			);
		};
/* End PBXProject section */

/* Begin PBXResourcesBuildPhase section */
		707E014A298D08C100F3A611 /* Resources */ = {
			isa = PBXResourcesBuildPhase;
			buildActionMask = 2147483647;
			files = (
				707E0154298D08C300F3A611 /* Assets.xcassets in Resources */,
			);
			runOnlyForDeploymentPostprocessing = 0;
		};
/* End PBXResourcesBuildPhase section */

/* Begin PBXSourcesBuildPhase section */
		707E0148298D08C100F3A611 /* Sources */ = {
			isa = PBXSourcesBuildPhase;
			buildActionMask = 2147483647;
			files = (
				70B1E7DC2C00B3C20075460E /* RadioButtonField.swift in Sources */,
				7036D65F2B3DB28C0036D5E0 /* NTRIPControlSubview.swift in Sources */,
				7036D6682B3DB28C0036D5E0 /* MainScreenView.swift in Sources */,
				7036D66A2B3DB28C0036D5E0 /* VigramHelper.swift in Sources */,
				7036D6712B3DB28C0036D5E0 /* ActivityViewController.swift in Sources */,
				7036D6722B3DB28C0036D5E0 /* LoadingView.swift in Sources */,
				7036D65C2B3DB28C0036D5E0 /* DeviceInfoSubview.swift in Sources */,
				7036D6622B3DB28C0036D5E0 /* LaserMeasurementsSubview.swift in Sources */,
				7036D66C2B3DB28C0036D5E0 /* NTRIPCredentials.swift in Sources */,
				7036D66D2B3DB28C0036D5E0 /* Foundation+Extension.swift in Sources */,
				7036D6672B3DB28C0036D5E0 /* SinglePointSubview.swift in Sources */,
				7036D6702B3DB28C0036D5E0 /* SelectButton.swift in Sources */,
				7036D6612B3DB28C0036D5E0 /* PPKMeasurementsSubview.swift in Sources */,
				70B1E7DA2C00B3750075460E /* HalfSheetController.swift in Sources */,
				7036D65A2B3DB28C0036D5E0 /* MainScreenModel.swift in Sources */,
				7036D6632B3DB28C0036D5E0 /* ConnectToDeviceSubview.swift in Sources */,
				70B1E7DE2C00BDBE0075460E /* MountPointsSubview.swift in Sources */,
				7036D66F2B3DB28C0036D5E0 /* Combine+Extension.swift in Sources */,
				7036D6692B3DB28C0036D5E0 /* FileWorker.swift in Sources */,
				707E0150298D08C100F3A611 /* VigramSDK_DemoApp.swift in Sources */,
				7036D6662B3DB28C0036D5E0 /* DeviceConfigSubview.swift in Sources */,
				7036D66E2B3DB28C0036D5E0 /* SwiftUI+Extension.swift in Sources */,
				7036D65B2B3DB28C0036D5E0 /* MainScreenViewModel.swift in Sources */,
				7036D6602B3DB28C0036D5E0 /* NMEASubview.swift in Sources */,
			);
			runOnlyForDeploymentPostprocessing = 0;
		};
/* End PBXSourcesBuildPhase section */

/* Begin XCBuildConfiguration section */
		707E0158298D08C300F3A611 /* Debug */ = {
			isa = XCBuildConfiguration;
			buildSettings = {
				ALWAYS_SEARCH_USER_PATHS = NO;
				ASSETCATALOG_COMPILER_GENERATE_SWIFT_ASSET_SYMBOL_EXTENSIONS = YES;
				CLANG_ANALYZER_NONNULL = YES;
				CLANG_ANALYZER_NUMBER_OBJECT_CONVERSION = YES_AGGRESSIVE;
				CLANG_CXX_LANGUAGE_STANDARD = "gnu++20";
				CLANG_ENABLE_MODULES = YES;
				CLANG_ENABLE_OBJC_ARC = YES;
				CLANG_ENABLE_OBJC_WEAK = YES;
				CLANG_WARN_BLOCK_CAPTURE_AUTORELEASING = YES;
				CLANG_WARN_BOOL_CONVERSION = YES;
				CLANG_WARN_COMMA = YES;
				CLANG_WARN_CONSTANT_CONVERSION = YES;
				CLANG_WARN_DEPRECATED_OBJC_IMPLEMENTATIONS = YES;
				CLANG_WARN_DIRECT_OBJC_ISA_USAGE = YES_ERROR;
				CLANG_WARN_DOCUMENTATION_COMMENTS = YES;
				CLANG_WARN_EMPTY_BODY = YES;
				CLANG_WARN_ENUM_CONVERSION = YES;
				CLANG_WARN_INFINITE_RECURSION = YES;
				CLANG_WARN_INT_CONVERSION = YES;
				CLANG_WARN_NON_LITERAL_NULL_CONVERSION = YES;
				CLANG_WARN_OBJC_IMPLICIT_RETAIN_SELF = YES;
				CLANG_WARN_OBJC_LITERAL_CONVERSION = YES;
				CLANG_WARN_OBJC_ROOT_CLASS = YES_ERROR;
				CLANG_WARN_QUOTED_INCLUDE_IN_FRAMEWORK_HEADER = YES;
				CLANG_WARN_RANGE_LOOP_ANALYSIS = YES;
				CLANG_WARN_STRICT_PROTOTYPES = YES;
				CLANG_WARN_SUSPICIOUS_MOVE = YES;
				CLANG_WARN_UNGUARDED_AVAILABILITY = YES_AGGRESSIVE;
				CLANG_WARN_UNREACHABLE_CODE = YES;
				CLANG_WARN__DUPLICATE_METHOD_MATCH = YES;
				COPY_PHASE_STRIP = NO;
				DEBUG_INFORMATION_FORMAT = dwarf;
				ENABLE_STRICT_OBJC_MSGSEND = YES;
				ENABLE_TESTABILITY = YES;
				ENABLE_USER_SCRIPT_SANDBOXING = YES;
				GCC_C_LANGUAGE_STANDARD = gnu11;
				GCC_DYNAMIC_NO_PIC = NO;
				GCC_NO_COMMON_BLOCKS = YES;
				GCC_OPTIMIZATION_LEVEL = 0;
				GCC_PREPROCESSOR_DEFINITIONS = (
					"DEBUG=1",
					"$(inherited)",
				);
				GCC_WARN_64_TO_32_BIT_CONVERSION = YES;
				GCC_WARN_ABOUT_RETURN_TYPE = YES_ERROR;
				GCC_WARN_UNDECLARED_SELECTOR = YES;
				GCC_WARN_UNINITIALIZED_AUTOS = YES_AGGRESSIVE;
				GCC_WARN_UNUSED_FUNCTION = YES;
				GCC_WARN_UNUSED_VARIABLE = YES;
				INFOPLIST_KEY_UISupportsDocumentBrowser = YES;
				IPHONEOS_DEPLOYMENT_TARGET = 15.0;
				MTL_ENABLE_DEBUG_INFO = INCLUDE_SOURCE;
				MTL_FAST_MATH = YES;
				ONLY_ACTIVE_ARCH = YES;
				SDKROOT = iphoneos;
				SWIFT_ACTIVE_COMPILATION_CONDITIONS = DEBUG;
				SWIFT_OPTIMIZATION_LEVEL = "-Onone";
			};
			name = Debug;
		};
		707E0159298D08C300F3A611 /* Release */ = {
			isa = XCBuildConfiguration;
			buildSettings = {
				ALWAYS_SEARCH_USER_PATHS = NO;
				ASSETCATALOG_COMPILER_GENERATE_SWIFT_ASSET_SYMBOL_EXTENSIONS = YES;
				CLANG_ANALYZER_NONNULL = YES;
				CLANG_ANALYZER_NUMBER_OBJECT_CONVERSION = YES_AGGRESSIVE;
				CLANG_CXX_LANGUAGE_STANDARD = "gnu++20";
				CLANG_ENABLE_MODULES = YES;
				CLANG_ENABLE_OBJC_ARC = YES;
				CLANG_ENABLE_OBJC_WEAK = YES;
				CLANG_WARN_BLOCK_CAPTURE_AUTORELEASING = YES;
				CLANG_WARN_BOOL_CONVERSION = YES;
				CLANG_WARN_COMMA = YES;
				CLANG_WARN_CONSTANT_CONVERSION = YES;
				CLANG_WARN_DEPRECATED_OBJC_IMPLEMENTATIONS = YES;
				CLANG_WARN_DIRECT_OBJC_ISA_USAGE = YES_ERROR;
				CLANG_WARN_DOCUMENTATION_COMMENTS = YES;
				CLANG_WARN_EMPTY_BODY = YES;
				CLANG_WARN_ENUM_CONVERSION = YES;
				CLANG_WARN_INFINITE_RECURSION = YES;
				CLANG_WARN_INT_CONVERSION = YES;
				CLANG_WARN_NON_LITERAL_NULL_CONVERSION = YES;
				CLANG_WARN_OBJC_IMPLICIT_RETAIN_SELF = YES;
				CLANG_WARN_OBJC_LITERAL_CONVERSION = YES;
				CLANG_WARN_OBJC_ROOT_CLASS = YES_ERROR;
				CLANG_WARN_QUOTED_INCLUDE_IN_FRAMEWORK_HEADER = YES;
				CLANG_WARN_RANGE_LOOP_ANALYSIS = YES;
				CLANG_WARN_STRICT_PROTOTYPES = YES;
				CLANG_WARN_SUSPICIOUS_MOVE = YES;
				CLANG_WARN_UNGUARDED_AVAILABILITY = YES_AGGRESSIVE;
				CLANG_WARN_UNREACHABLE_CODE = YES;
				CLANG_WARN__DUPLICATE_METHOD_MATCH = YES;
				COPY_PHASE_STRIP = NO;
				DEBUG_INFORMATION_FORMAT = "dwarf-with-dsym";
				ENABLE_NS_ASSERTIONS = NO;
				ENABLE_STRICT_OBJC_MSGSEND = YES;
				ENABLE_USER_SCRIPT_SANDBOXING = YES;
				GCC_C_LANGUAGE_STANDARD = gnu11;
				GCC_NO_COMMON_BLOCKS = YES;
				GCC_WARN_64_TO_32_BIT_CONVERSION = YES;
				GCC_WARN_ABOUT_RETURN_TYPE = YES_ERROR;
				GCC_WARN_UNDECLARED_SELECTOR = YES;
				GCC_WARN_UNINITIALIZED_AUTOS = YES_AGGRESSIVE;
				GCC_WARN_UNUSED_FUNCTION = YES;
				GCC_WARN_UNUSED_VARIABLE = YES;
				INFOPLIST_KEY_UISupportsDocumentBrowser = YES;
				IPHONEOS_DEPLOYMENT_TARGET = 15.0;
				MTL_ENABLE_DEBUG_INFO = NO;
				MTL_FAST_MATH = YES;
				SDKROOT = iphoneos;
				SWIFT_COMPILATION_MODE = wholemodule;
				SWIFT_OPTIMIZATION_LEVEL = "-O";
				VALIDATE_PRODUCT = YES;
			};
			name = Release;
		};
		707E015B298D08C300F3A611 /* Debug */ = {
			isa = XCBuildConfiguration;
			buildSettings = {
				ASSETCATALOG_COMPILER_APPICON_NAME = AppIcon;
				ASSETCATALOG_COMPILER_GLOBAL_ACCENT_COLOR_NAME = AccentColor;
				CODE_SIGN_STYLE = Automatic;
				CURRENT_PROJECT_VERSION = 1;
				DEVELOPMENT_ASSET_PATHS = "";
				DEVELOPMENT_TEAM = 36X7S3WFJC;
				ENABLE_PREVIEWS = YES;
				GENERATE_INFOPLIST_FILE = YES;
				INFOPLIST_FILE = "VigramSDK-Demo-Info.plist";
				INFOPLIST_KEY_CFBundleDisplayName = "Vigram SDK Demo App";
				INFOPLIST_KEY_LSApplicationCategoryType = "";
				INFOPLIST_KEY_NSBluetoothAlwaysUsageDescription = "VigramSDK Demo use Bluetooth for connection viDoc RTK Rover";
				INFOPLIST_KEY_UIApplicationSupportsIndirectInputEvents = YES;
				INFOPLIST_KEY_UILaunchScreen_Generation = YES;
				INFOPLIST_KEY_UISupportedInterfaceOrientations_iPad = "UIInterfaceOrientationPortrait UIInterfaceOrientationPortraitUpsideDown UIInterfaceOrientationLandscapeLeft UIInterfaceOrientationLandscapeRight";
				INFOPLIST_KEY_UISupportedInterfaceOrientations_iPhone = "UIInterfaceOrientationPortrait UIInterfaceOrientationLandscapeLeft UIInterfaceOrientationLandscapeRight";
				INFOPLIST_KEY_UISupportsDocumentBrowser = YES;
				LD_RUNPATH_SEARCH_PATHS = (
					"$(inherited)",
					"@executable_path/Frameworks",
				);
				MARKETING_VERSION = 1.6.5;
				PRODUCT_BUNDLE_IDENTIFIER = com.vigram;
				PRODUCT_NAME = "VigramSDKDemo App";
				SWIFT_EMIT_LOC_STRINGS = YES;
				SWIFT_VERSION = 5.0;
				TARGETED_DEVICE_FAMILY = "1,2";
			};
			name = Debug;
		};
		707E015C298D08C300F3A611 /* Release */ = {
			isa = XCBuildConfiguration;
			buildSettings = {
				ASSETCATALOG_COMPILER_APPICON_NAME = AppIcon;
				ASSETCATALOG_COMPILER_GLOBAL_ACCENT_COLOR_NAME = AccentColor;
				CODE_SIGN_STYLE = Automatic;
				CURRENT_PROJECT_VERSION = 1;
				DEVELOPMENT_ASSET_PATHS = "";
				DEVELOPMENT_TEAM = 36X7S3WFJC;
				ENABLE_PREVIEWS = YES;
				GENERATE_INFOPLIST_FILE = YES;
				INFOPLIST_FILE = "VigramSDK-Demo-Info.plist";
				INFOPLIST_KEY_CFBundleDisplayName = "Vigram SDK Demo App";
				INFOPLIST_KEY_LSApplicationCategoryType = "";
				INFOPLIST_KEY_NSBluetoothAlwaysUsageDescription = "VigramSDK Demo use Bluetooth for connection viDoc RTK Rover";
				INFOPLIST_KEY_UIApplicationSupportsIndirectInputEvents = YES;
				INFOPLIST_KEY_UILaunchScreen_Generation = YES;
				INFOPLIST_KEY_UISupportedInterfaceOrientations_iPad = "UIInterfaceOrientationPortrait UIInterfaceOrientationPortraitUpsideDown UIInterfaceOrientationLandscapeLeft UIInterfaceOrientationLandscapeRight";
				INFOPLIST_KEY_UISupportedInterfaceOrientations_iPhone = "UIInterfaceOrientationPortrait UIInterfaceOrientationLandscapeLeft UIInterfaceOrientationLandscapeRight";
				INFOPLIST_KEY_UISupportsDocumentBrowser = YES;
				LD_RUNPATH_SEARCH_PATHS = (
					"$(inherited)",
					"@executable_path/Frameworks",
				);
				MARKETING_VERSION = 1.6.5;
				PRODUCT_BUNDLE_IDENTIFIER = com.vigram;
				PRODUCT_NAME = "VigramSDKDemo App";
				SWIFT_EMIT_LOC_STRINGS = YES;
				SWIFT_VERSION = 5.0;
				TARGETED_DEVICE_FAMILY = "1,2";
			};
			name = Release;
		};
/* End XCBuildConfiguration section */

/* Begin XCConfigurationList section */
		707E0147298D08C100F3A611 /* Build configuration list for PBXProject "VigramSDKDemo" */ = {
			isa = XCConfigurationList;
			buildConfigurations = (
				707E0158298D08C300F3A611 /* Debug */,
				707E0159298D08C300F3A611 /* Release */,
			);
			defaultConfigurationIsVisible = 0;
			defaultConfigurationName = Release;
		};
		707E015A298D08C300F3A611 /* Build configuration list for PBXNativeTarget "VigramSDKDemo" */ = {
			isa = XCConfigurationList;
			buildConfigurations = (
				707E015B298D08C300F3A611 /* Debug */,
				707E015C298D08C300F3A611 /* Release */,
			);
			defaultConfigurationIsVisible = 0;
			defaultConfigurationName = Release;
		};
/* End XCConfigurationList section */

/* Begin XCRemoteSwiftPackageReference section */
		703450B32D80A2C80060CFE4 /* XCRemoteSwiftPackageReference "SDK_iOS_viDoc_Distribution" */ = {
			isa = XCRemoteSwiftPackageReference;
			repositoryURL = "https://github.com/vigram-sw/SDK_iOS_viDoc_Distribution";
			requirement = {
				kind = upToNextMajorVersion;
				minimumVersion = 1.0.4;
			};
		};
/* End XCRemoteSwiftPackageReference section */

/* Begin XCSwiftPackageProductDependency section */
		703450B42D80A2C80060CFE4 /* VigramSDK */ = {
			isa = XCSwiftPackageProductDependency;
			package = 703450B32D80A2C80060CFE4 /* XCRemoteSwiftPackageReference "SDK_iOS_viDoc_Distribution" */;
			productName = VigramSDK;
		};
		703450B62D80A2C80060CFE4 /* VigramSDK+Rx */ = {
			isa = XCSwiftPackageProductDependency;
			package = 703450B32D80A2C80060CFE4 /* XCRemoteSwiftPackageReference "SDK_iOS_viDoc_Distribution" */;
			productName = "VigramSDK+Rx";
		};
/* End XCSwiftPackageProductDependency section */
	};
	rootObject = 707E0144298D08C100F3A611 /* Project object */;
}
