// !$*UTF8*$!
{
	archiveVersion = 1;
	classes = {
	};
	objectVersion = 56;
	objects = {

/* Begin PBXBuildFile section */
		702C17102A58917200FA2245 /* VigramSDK in Frameworks */ = {isa = PBXBuildFile; productRef = 702C170F2A58917200FA2245 /* VigramSDK */; };
		707E0150298D08C100F3A611 /* VigramSDK_DemoApp.swift in Sources */ = {isa = PBXBuildFile; fileRef = 707E014F298D08C100F3A611 /* VigramSDK_DemoApp.swift */; };
		707E0152298D08C100F3A611 /* ContentView.swift in Sources */ = {isa = PBXBuildFile; fileRef = 707E0151298D08C100F3A611 /* ContentView.swift */; };
		707E0154298D08C300F3A611 /* Assets.xcassets in Resources */ = {isa = PBXBuildFile; fileRef = 707E0153298D08C300F3A611 /* Assets.xcassets */; };
		707E015E298D093000F3A611 /* Model.swift in Sources */ = {isa = PBXBuildFile; fileRef = 707E015D298D093000F3A611 /* Model.swift */; };
		707E0161298D09CE00F3A611 /* SelectButton.swift in Sources */ = {isa = PBXBuildFile; fileRef = 707E0160298D09CE00F3A611 /* SelectButton.swift */; };
/* End PBXBuildFile section */

/* Begin PBXFileReference section */
		707E014C298D08C100F3A611 /* VigramSDK Demo.app */ = {isa = PBXFileReference; explicitFileType = wrapper.application; includeInIndex = 0; path = "VigramSDK Demo.app"; sourceTree = BUILT_PRODUCTS_DIR; };
		707E014F298D08C100F3A611 /* VigramSDK_DemoApp.swift */ = {isa = PBXFileReference; lastKnownFileType = sourcecode.swift; path = VigramSDK_DemoApp.swift; sourceTree = "<group>"; };
		707E0151298D08C100F3A611 /* ContentView.swift */ = {isa = PBXFileReference; lastKnownFileType = sourcecode.swift; path = ContentView.swift; sourceTree = "<group>"; };
		707E0153298D08C300F3A611 /* Assets.xcassets */ = {isa = PBXFileReference; lastKnownFileType = folder.assetcatalog; path = Assets.xcassets; sourceTree = "<group>"; };
		707E015D298D093000F3A611 /* Model.swift */ = {isa = PBXFileReference; lastKnownFileType = sourcecode.swift; path = Model.swift; sourceTree = "<group>"; };
		707E0160298D09CE00F3A611 /* SelectButton.swift */ = {isa = PBXFileReference; lastKnownFileType = sourcecode.swift; path = SelectButton.swift; sourceTree = "<group>"; };
		709B3284298D158000979F92 /* VigramSDK-Demo-Info.plist */ = {isa = PBXFileReference; lastKnownFileType = text.plist; path = "VigramSDK-Demo-Info.plist"; sourceTree = SOURCE_ROOT; };
/* End PBXFileReference section */

/* Begin PBXFrameworksBuildPhase section */
		707E0149298D08C100F3A611 /* Frameworks */ = {
			isa = PBXFrameworksBuildPhase;
			buildActionMask = 2147483647;
			files = (
				702C17102A58917200FA2245 /* VigramSDK in Frameworks */,
			);
			runOnlyForDeploymentPostprocessing = 0;
		};
/* End PBXFrameworksBuildPhase section */

/* Begin PBXGroup section */
		707E0143298D08C100F3A611 = {
			isa = PBXGroup;
			children = (
				707E014E298D08C100F3A611 /* VigramSDK Demo */,
				707E014D298D08C100F3A611 /* Products */,
			);
			sourceTree = "<group>";
		};
		707E014D298D08C100F3A611 /* Products */ = {
			isa = PBXGroup;
			children = (
				707E014C298D08C100F3A611 /* VigramSDK Demo.app */,
			);
			name = Products;
			sourceTree = "<group>";
		};
		707E014E298D08C100F3A611 /* VigramSDK Demo */ = {
			isa = PBXGroup;
			children = (
				709B3284298D158000979F92 /* VigramSDK-Demo-Info.plist */,
				707E014F298D08C100F3A611 /* VigramSDK_DemoApp.swift */,
				707E0151298D08C100F3A611 /* ContentView.swift */,
				707E015D298D093000F3A611 /* Model.swift */,
				707E0160298D09CE00F3A611 /* SelectButton.swift */,
				707E0153298D08C300F3A611 /* Assets.xcassets */,
			);
			path = "VigramSDK Demo";
			sourceTree = "<group>";
		};
/* End PBXGroup section */

/* Begin PBXNativeTarget section */
		707E014B298D08C100F3A611 /* VigramSDK Demo */ = {
			isa = PBXNativeTarget;
			buildConfigurationList = 707E015A298D08C300F3A611 /* Build configuration list for PBXNativeTarget "VigramSDK Demo" */;
			buildPhases = (
				707E0148298D08C100F3A611 /* Sources */,
				707E0149298D08C100F3A611 /* Frameworks */,
				707E014A298D08C100F3A611 /* Resources */,
			);
			buildRules = (
			);
			dependencies = (
			);
			name = "VigramSDK Demo";
			packageProductDependencies = (
				702C170F2A58917200FA2245 /* VigramSDK */,
			);
			productName = "VigramSDK Demo";
			productReference = 707E014C298D08C100F3A611 /* VigramSDK Demo.app */;
			productType = "com.apple.product-type.application";
		};
/* End PBXNativeTarget section */

/* Begin PBXProject section */
		707E0144298D08C100F3A611 /* Project object */ = {
			isa = PBXProject;
			attributes = {
				BuildIndependentTargetsInParallel = 1;
				LastSwiftUpdateCheck = 1420;
				LastUpgradeCheck = 1420;
				TargetAttributes = {
					707E014B298D08C100F3A611 = {
						CreatedOnToolsVersion = 14.2;
					};
				};
			};
			buildConfigurationList = 707E0147298D08C100F3A611 /* Build configuration list for PBXProject "VigramSDK Demo" */;
			compatibilityVersion = "Xcode 14.0";
			developmentRegion = en;
			hasScannedForEncodings = 0;
			knownRegions = (
				en,
				Base,
			);
			mainGroup = 707E0143298D08C100F3A611;
			packageReferences = (
				702C170E2A58917200FA2245 /* XCRemoteSwiftPackageReference "SDK_iOS_viDoc_Distribution" */,
			);
			productRefGroup = 707E014D298D08C100F3A611 /* Products */;
			projectDirPath = "";
			projectRoot = "";
			targets = (
				707E014B298D08C100F3A611 /* VigramSDK Demo */,
			);
		};
/* End PBXProject section */

/* Begin PBXResourcesBuildPhase section */
		707E014A298D08C100F3A611 /* Resources */ = {
			isa = PBXResourcesBuildPhase;
			buildActionMask = 2147483647;
			files = (
				707E0154298D08C300F3A611 /* Assets.xcassets in Resources */,
			);
			runOnlyForDeploymentPostprocessing = 0;
		};
/* End PBXResourcesBuildPhase section */

/* Begin PBXSourcesBuildPhase section */
		707E0148298D08C100F3A611 /* Sources */ = {
			isa = PBXSourcesBuildPhase;
			buildActionMask = 2147483647;
			files = (
				707E015E298D093000F3A611 /* Model.swift in Sources */,
				707E0161298D09CE00F3A611 /* SelectButton.swift in Sources */,
				707E0152298D08C100F3A611 /* ContentView.swift in Sources */,
				707E0150298D08C100F3A611 /* VigramSDK_DemoApp.swift in Sources */,
			);
			runOnlyForDeploymentPostprocessing = 0;
		};
/* End PBXSourcesBuildPhase section */

/* Begin XCBuildConfiguration section */
		707E0158298D08C300F3A611 /* Debug */ = {
			isa = XCBuildConfiguration;
			buildSettings = {
				ALWAYS_SEARCH_USER_PATHS = NO;
				CLANG_ANALYZER_NONNULL = YES;
				CLANG_ANALYZER_NUMBER_OBJECT_CONVERSION = YES_AGGRESSIVE;
				CLANG_CXX_LANGUAGE_STANDARD = "gnu++20";
				CLANG_ENABLE_MODULES = YES;
				CLANG_ENABLE_OBJC_ARC = YES;
				CLANG_ENABLE_OBJC_WEAK = YES;
				CLANG_WARN_BLOCK_CAPTURE_AUTORELEASING = YES;
				CLANG_WARN_BOOL_CONVERSION = YES;
				CLANG_WARN_COMMA = YES;
				CLANG_WARN_CONSTANT_CONVERSION = YES;
				CLANG_WARN_DEPRECATED_OBJC_IMPLEMENTATIONS = YES;
				CLANG_WARN_DIRECT_OBJC_ISA_USAGE = YES_ERROR;
				CLANG_WARN_DOCUMENTATION_COMMENTS = YES;
				CLANG_WARN_EMPTY_BODY = YES;
				CLANG_WARN_ENUM_CONVERSION = YES;
				CLANG_WARN_INFINITE_RECURSION = YES;
				CLANG_WARN_INT_CONVERSION = YES;
				CLANG_WARN_NON_LITERAL_NULL_CONVERSION = YES;
				CLANG_WARN_OBJC_IMPLICIT_RETAIN_SELF = YES;
				CLANG_WARN_OBJC_LITERAL_CONVERSION = YES;
				CLANG_WARN_OBJC_ROOT_CLASS = YES_ERROR;
				CLANG_WARN_QUOTED_INCLUDE_IN_FRAMEWORK_HEADER = YES;
				CLANG_WARN_RANGE_LOOP_ANALYSIS = YES;
				CLANG_WARN_STRICT_PROTOTYPES = YES;
				CLANG_WARN_SUSPICIOUS_MOVE = YES;
				CLANG_WARN_UNGUARDED_AVAILABILITY = YES_AGGRESSIVE;
				CLANG_WARN_UNREACHABLE_CODE = YES;
				CLANG_WARN__DUPLICATE_METHOD_MATCH = YES;
				COPY_PHASE_STRIP = NO;
				DEBUG_INFORMATION_FORMAT = dwarf;
				ENABLE_STRICT_OBJC_MSGSEND = YES;
				ENABLE_TESTABILITY = YES;
				GCC_C_LANGUAGE_STANDARD = gnu11;
				GCC_DYNAMIC_NO_PIC = NO;
				GCC_NO_COMMON_BLOCKS = YES;
				GCC_OPTIMIZATION_LEVEL = 0;
				GCC_PREPROCESSOR_DEFINITIONS = (
					"DEBUG=1",
					"$(inherited)",
				);
				GCC_WARN_64_TO_32_BIT_CONVERSION = YES;
				GCC_WARN_ABOUT_RETURN_TYPE = YES_ERROR;
				GCC_WARN_UNDECLARED_SELECTOR = YES;
				GCC_WARN_UNINITIALIZED_AUTOS = YES_AGGRESSIVE;
				GCC_WARN_UNUSED_FUNCTION = YES;
				GCC_WARN_UNUSED_VARIABLE = YES;
				INFOPLIST_KEY_UISupportsDocumentBrowser = YES;
				IPHONEOS_DEPLOYMENT_TARGET = 15.0;
				MTL_ENABLE_DEBUG_INFO = INCLUDE_SOURCE;
				MTL_FAST_MATH = YES;
				ONLY_ACTIVE_ARCH = YES;
				SDKROOT = iphoneos;
				SWIFT_ACTIVE_COMPILATION_CONDITIONS = DEBUG;
				SWIFT_OPTIMIZATION_LEVEL = "-Onone";
			};
			name = Debug;
		};
		707E0159298D08C300F3A611 /* Release */ = {
			isa = XCBuildConfiguration;
			buildSettings = {
				ALWAYS_SEARCH_USER_PATHS = NO;
				CLANG_ANALYZER_NONNULL = YES;
				CLANG_ANALYZER_NUMBER_OBJECT_CONVERSION = YES_AGGRESSIVE;
				CLANG_CXX_LANGUAGE_STANDARD = "gnu++20";
				CLANG_ENABLE_MODULES = YES;
				CLANG_ENABLE_OBJC_ARC = YES;
				CLANG_ENABLE_OBJC_WEAK = YES;
				CLANG_WARN_BLOCK_CAPTURE_AUTORELEASING = YES;
				CLANG_WARN_BOOL_CONVERSION = YES;
				CLANG_WARN_COMMA = YES;
				CLANG_WARN_CONSTANT_CONVERSION = YES;
				CLANG_WARN_DEPRECATED_OBJC_IMPLEMENTATIONS = YES;
				CLANG_WARN_DIRECT_OBJC_ISA_USAGE = YES_ERROR;
				CLANG_WARN_DOCUMENTATION_COMMENTS = YES;
				CLANG_WARN_EMPTY_BODY = YES;
				CLANG_WARN_ENUM_CONVERSION = YES;
				CLANG_WARN_INFINITE_RECURSION = YES;
				CLANG_WARN_INT_CONVERSION = YES;
				CLANG_WARN_NON_LITERAL_NULL_CONVERSION = YES;
				CLANG_WARN_OBJC_IMPLICIT_RETAIN_SELF = YES;
				CLANG_WARN_OBJC_LITERAL_CONVERSION = YES;
				CLANG_WARN_OBJC_ROOT_CLASS = YES_ERROR;
				CLANG_WARN_QUOTED_INCLUDE_IN_FRAMEWORK_HEADER = YES;
				CLANG_WARN_RANGE_LOOP_ANALYSIS = YES;
				CLANG_WARN_STRICT_PROTOTYPES = YES;
				CLANG_WARN_SUSPICIOUS_MOVE = YES;
				CLANG_WARN_UNGUARDED_AVAILABILITY = YES_AGGRESSIVE;
				CLANG_WARN_UNREACHABLE_CODE = YES;
				CLANG_WARN__DUPLICATE_METHOD_MATCH = YES;
				COPY_PHASE_STRIP = NO;
				DEBUG_INFORMATION_FORMAT = "dwarf-with-dsym";
				ENABLE_NS_ASSERTIONS = NO;
				ENABLE_STRICT_OBJC_MSGSEND = YES;
				GCC_C_LANGUAGE_STANDARD = gnu11;
				GCC_NO_COMMON_BLOCKS = YES;
				GCC_WARN_64_TO_32_BIT_CONVERSION = YES;
				GCC_WARN_ABOUT_RETURN_TYPE = YES_ERROR;
				GCC_WARN_UNDECLARED_SELECTOR = YES;
				GCC_WARN_UNINITIALIZED_AUTOS = YES_AGGRESSIVE;
				GCC_WARN_UNUSED_FUNCTION = YES;
				GCC_WARN_UNUSED_VARIABLE = YES;
				INFOPLIST_KEY_UISupportsDocumentBrowser = YES;
				IPHONEOS_DEPLOYMENT_TARGET = 15.0;
				MTL_ENABLE_DEBUG_INFO = NO;
				MTL_FAST_MATH = YES;
				SDKROOT = iphoneos;
				SWIFT_COMPILATION_MODE = wholemodule;
				SWIFT_OPTIMIZATION_LEVEL = "-O";
				VALIDATE_PRODUCT = YES;
			};
			name = Release;
		};
		707E015B298D08C300F3A611 /* Debug */ = {
			isa = XCBuildConfiguration;
			buildSettings = {
				ASSETCATALOG_COMPILER_APPICON_NAME = AppIcon;
				ASSETCATALOG_COMPILER_GLOBAL_ACCENT_COLOR_NAME = AccentColor;
				CODE_SIGN_STYLE = Automatic;
				CURRENT_PROJECT_VERSION = 2;
				DEVELOPMENT_ASSET_PATHS = "\"VigramSDK Demo/Preview Content\"";
				DEVELOPMENT_TEAM = 36X7S3WFJC;
				ENABLE_PREVIEWS = YES;
				GENERATE_INFOPLIST_FILE = YES;
				INFOPLIST_FILE = "VigramSDK-Demo-Info.plist";
				INFOPLIST_KEY_LSApplicationCategoryType = "";
				INFOPLIST_KEY_NSBluetoothAlwaysUsageDescription = "VigramSDK Demo use Bluetooth for connection viDoc RTK Rover";
				INFOPLIST_KEY_UIApplicationSupportsIndirectInputEvents = YES;
				INFOPLIST_KEY_UILaunchScreen_Generation = YES;
				INFOPLIST_KEY_UISupportedInterfaceOrientations_iPad = "UIInterfaceOrientationPortrait UIInterfaceOrientationPortraitUpsideDown UIInterfaceOrientationLandscapeLeft UIInterfaceOrientationLandscapeRight";
				INFOPLIST_KEY_UISupportedInterfaceOrientations_iPhone = "UIInterfaceOrientationPortrait UIInterfaceOrientationLandscapeLeft UIInterfaceOrientationLandscapeRight";
				INFOPLIST_KEY_UISupportsDocumentBrowser = YES;
				LD_RUNPATH_SEARCH_PATHS = (
					"$(inherited)",
					"@executable_path/Frameworks",
				);
				MARKETING_VERSION = 1.2.2;
				PRODUCT_BUNDLE_IDENTIFIER = com.vigram;
				PRODUCT_NAME = "$(TARGET_NAME)";
				SWIFT_EMIT_LOC_STRINGS = YES;
				SWIFT_VERSION = 5.0;
				TARGETED_DEVICE_FAMILY = "1,2";
			};
			name = Debug;
		};
		707E015C298D08C300F3A611 /* Release */ = {
			isa = XCBuildConfiguration;
			buildSettings = {
				ASSETCATALOG_COMPILER_APPICON_NAME = AppIcon;
				ASSETCATALOG_COMPILER_GLOBAL_ACCENT_COLOR_NAME = AccentColor;
				CODE_SIGN_STYLE = Automatic;
				CURRENT_PROJECT_VERSION = 2;
				DEVELOPMENT_ASSET_PATHS = "\"VigramSDK Demo/Preview Content\"";
				DEVELOPMENT_TEAM = 36X7S3WFJC;
				ENABLE_PREVIEWS = YES;
				GENERATE_INFOPLIST_FILE = YES;
				INFOPLIST_FILE = "VigramSDK-Demo-Info.plist";
				INFOPLIST_KEY_LSApplicationCategoryType = "";
				INFOPLIST_KEY_NSBluetoothAlwaysUsageDescription = "VigramSDK Demo use Bluetooth for connection viDoc RTK Rover";
				INFOPLIST_KEY_UIApplicationSupportsIndirectInputEvents = YES;
				INFOPLIST_KEY_UILaunchScreen_Generation = YES;
				INFOPLIST_KEY_UISupportedInterfaceOrientations_iPad = "UIInterfaceOrientationPortrait UIInterfaceOrientationPortraitUpsideDown UIInterfaceOrientationLandscapeLeft UIInterfaceOrientationLandscapeRight";
				INFOPLIST_KEY_UISupportedInterfaceOrientations_iPhone = "UIInterfaceOrientationPortrait UIInterfaceOrientationLandscapeLeft UIInterfaceOrientationLandscapeRight";
				INFOPLIST_KEY_UISupportsDocumentBrowser = YES;
				LD_RUNPATH_SEARCH_PATHS = (
					"$(inherited)",
					"@executable_path/Frameworks",
				);
				MARKETING_VERSION = 1.2.2;
				PRODUCT_BUNDLE_IDENTIFIER = com.vigram;
				PRODUCT_NAME = "$(TARGET_NAME)";
				SWIFT_EMIT_LOC_STRINGS = YES;
				SWIFT_VERSION = 5.0;
				TARGETED_DEVICE_FAMILY = "1,2";
			};
			name = Release;
		};
/* End XCBuildConfiguration section */

/* Begin XCConfigurationList section */
		707E0147298D08C100F3A611 /* Build configuration list for PBXProject "VigramSDK Demo" */ = {
			isa = XCConfigurationList;
			buildConfigurations = (
				707E0158298D08C300F3A611 /* Debug */,
				707E0159298D08C300F3A611 /* Release */,
			);
			defaultConfigurationIsVisible = 0;
			defaultConfigurationName = Release;
		};
		707E015A298D08C300F3A611 /* Build configuration list for PBXNativeTarget "VigramSDK Demo" */ = {
			isa = XCConfigurationList;
			buildConfigurations = (
				707E015B298D08C300F3A611 /* Debug */,
				707E015C298D08C300F3A611 /* Release */,
			);
			defaultConfigurationIsVisible = 0;
			defaultConfigurationName = Release;
		};
/* End XCConfigurationList section */

/* Begin XCRemoteSwiftPackageReference section */
		702C170E2A58917200FA2245 /* XCRemoteSwiftPackageReference "SDK_iOS_viDoc_Distribution" */ = {
			isa = XCRemoteSwiftPackageReference;
			repositoryURL = "https://github.com/vigram-gmbh/SDK_iOS_viDoc_Distribution.git";
			requirement = {
				kind = exactVersion;
				version = "0.5.3-beta4.6";
			};
		};
/* End XCRemoteSwiftPackageReference section */

/* Begin XCSwiftPackageProductDependency section */
		702C170F2A58917200FA2245 /* VigramSDK */ = {
			isa = XCSwiftPackageProductDependency;
			package = 702C170E2A58917200FA2245 /* XCRemoteSwiftPackageReference "SDK_iOS_viDoc_Distribution" */;
			productName = VigramSDK;
		};
/* End XCSwiftPackageProductDependency section */
	};
	rootObject = 707E0144298D08C100F3A611 /* Project object */;
}
