{
  "pins" : [
    {
      "identity" : "rxswift",
      "kind" : "remoteSourceControl",
      "location" : "https://github.com/ReactiveX/RxSwift",
      "state" : {
        "revision" : "b4307ba0b6425c0ba4178e138799946c3da594f8",
        "version" : "6.5.0"
      }
    },
    {
      "identity" : "sdk_ios_vidoc_distribution",
      "kind" : "remoteSourceControl",
      "location" : "https://github.com/vigram-gmbh/SDK_iOS_viDoc_Distribution.git",
      "state" : {
        "revision" : "7dec5853faa4bcd04a228b22f1416c5c8e93f86f",
        "version" : "0.5.5"
      }
    }
  ],
  "version" : 2
}
