// !$*UTF8*$!
{
	archiveVersion = 1;
	classes = {
	};
	objectVersion = 56;
	objects = {

/* Begin PBXBuildFile section */
		708CE6C429D5772800B249A2 /* VigramSDK_DistributionAppApp.swift in Sources */ = {isa = PBXBuildFile; fileRef = 708CE6C329D5772800B249A2 /* VigramSDK_DistributionAppApp.swift */; };
		708CE6C629D5772800B249A2 /* ContentView.swift in Sources */ = {isa = PBXBuildFile; fileRef = 708CE6C529D5772800B249A2 /* ContentView.swift */; };
		708CE6C829D5772B00B249A2 /* Assets.xcassets in Resources */ = {isa = PBXBuildFile; fileRef = 708CE6C729D5772B00B249A2 /* Assets.xcassets */; };
		708CE6CB29D5772B00B249A2 /* Preview Assets.xcassets in Resources */ = {isa = PBXBuildFile; fileRef = 708CE6CA29D5772B00B249A2 /* Preview Assets.xcassets */; };
		70E3B5EE29EE899E000877A9 /* VigramSDK in Frameworks */ = {isa = PBXBuildFile; productRef = 70E3B5ED29EE899E000877A9 /* VigramSDK */; };
/* End PBXBuildFile section */

/* Begin PBXFileReference section */
		708CE6C029D5772800B249A2 /* VigramSDK-DistributionApp.app */ = {isa = PBXFileReference; explicitFileType = wrapper.application; includeInIndex = 0; path = "VigramSDK-DistributionApp.app"; sourceTree = BUILT_PRODUCTS_DIR; };
		708CE6C329D5772800B249A2 /* VigramSDK_DistributionAppApp.swift */ = {isa = PBXFileReference; lastKnownFileType = sourcecode.swift; path = VigramSDK_DistributionAppApp.swift; sourceTree = "<group>"; };
		708CE6C529D5772800B249A2 /* ContentView.swift */ = {isa = PBXFileReference; lastKnownFileType = sourcecode.swift; path = ContentView.swift; sourceTree = "<group>"; };
		708CE6C729D5772B00B249A2 /* Assets.xcassets */ = {isa = PBXFileReference; lastKnownFileType = folder.assetcatalog; path = Assets.xcassets; sourceTree = "<group>"; };
		708CE6CA29D5772B00B249A2 /* Preview Assets.xcassets */ = {isa = PBXFileReference; lastKnownFileType = folder.assetcatalog; path = "Preview Assets.xcassets"; sourceTree = "<group>"; };
/* End PBXFileReference section */

/* Begin PBXFrameworksBuildPhase section */
		708CE6BD29D5772800B249A2 /* Frameworks */ = {
			isa = PBXFrameworksBuildPhase;
			buildActionMask = 2147483647;
			files = (
				70E3B5EE29EE899E000877A9 /* VigramSDK in Frameworks */,
			);
			runOnlyForDeploymentPostprocessing = 0;
		};
/* End PBXFrameworksBuildPhase section */

/* Begin PBXGroup section */
		708CE6B729D5772800B249A2 = {
			isa = PBXGroup;
			children = (
				708CE6C229D5772800B249A2 /* VigramSDK-DistributionApp */,
				708CE6C129D5772800B249A2 /* Products */,
			);
			sourceTree = "<group>";
		};
		708CE6C129D5772800B249A2 /* Products */ = {
			isa = PBXGroup;
			children = (
				708CE6C029D5772800B249A2 /* VigramSDK-DistributionApp.app */,
			);
			name = Products;
			sourceTree = "<group>";
		};
		708CE6C229D5772800B249A2 /* VigramSDK-DistributionApp */ = {
			isa = PBXGroup;
			children = (
				708CE6C329D5772800B249A2 /* VigramSDK_DistributionAppApp.swift */,
				708CE6C529D5772800B249A2 /* ContentView.swift */,
				708CE6C729D5772B00B249A2 /* Assets.xcassets */,
				708CE6C929D5772B00B249A2 /* Preview Content */,
			);
			path = "VigramSDK-DistributionApp";
			sourceTree = "<group>";
		};
		708CE6C929D5772B00B249A2 /* Preview Content */ = {
			isa = PBXGroup;
			children = (
				708CE6CA29D5772B00B249A2 /* Preview Assets.xcassets */,
			);
			path = "Preview Content";
			sourceTree = "<group>";
		};
/* End PBXGroup section */

/* Begin PBXNativeTarget section */
		708CE6BF29D5772800B249A2 /* VigramSDK-DistributionApp */ = {
			isa = PBXNativeTarget;
			buildConfigurationList = 708CE6CE29D5772B00B249A2 /* Build configuration list for PBXNativeTarget "VigramSDK-DistributionApp" */;
			buildPhases = (
				708CE6BC29D5772800B249A2 /* Sources */,
				708CE6BD29D5772800B249A2 /* Frameworks */,
				708CE6BE29D5772800B249A2 /* Resources */,
			);
			buildRules = (
			);
			dependencies = (
			);
			name = "VigramSDK-DistributionApp";
			packageProductDependencies = (
				70E3B5ED29EE899E000877A9 /* VigramSDK */,
			);
			productName = "VigramSDK-DistributionApp";
			productReference = 708CE6C029D5772800B249A2 /* VigramSDK-DistributionApp.app */;
			productType = "com.apple.product-type.application";
		};
/* End PBXNativeTarget section */

/* Begin PBXProject section */
		708CE6B829D5772800B249A2 /* Project object */ = {
			isa = PBXProject;
			attributes = {
				BuildIndependentTargetsInParallel = 1;
				LastSwiftUpdateCheck = 1420;
				LastUpgradeCheck = 1420;
				TargetAttributes = {
					708CE6BF29D5772800B249A2 = {
						CreatedOnToolsVersion = 14.2;
					};
				};
			};
			buildConfigurationList = 708CE6BB29D5772800B249A2 /* Build configuration list for PBXProject "VigramSDK-DistributionApp" */;
			compatibilityVersion = "Xcode 14.0";
			developmentRegion = en;
			hasScannedForEncodings = 0;
			knownRegions = (
				en,
				Base,
			);
			mainGroup = 708CE6B729D5772800B249A2;
			packageReferences = (
				70E3B5EC29EE899E000877A9 /* XCRemoteSwiftPackageReference "SDK_iOS_viDoc_Distribution" */,
			);
			productRefGroup = 708CE6C129D5772800B249A2 /* Products */;
			projectDirPath = "";
			projectRoot = "";
			targets = (
				708CE6BF29D5772800B249A2 /* VigramSDK-DistributionApp */,
			);
		};
/* End PBXProject section */

/* Begin PBXResourcesBuildPhase section */
		708CE6BE29D5772800B249A2 /* Resources */ = {
			isa = PBXResourcesBuildPhase;
			buildActionMask = 2147483647;
			files = (
				708CE6CB29D5772B00B249A2 /* Preview Assets.xcassets in Resources */,
				708CE6C829D5772B00B249A2 /* Assets.xcassets in Resources */,
			);
			runOnlyForDeploymentPostprocessing = 0;
		};
/* End PBXResourcesBuildPhase section */

/* Begin PBXSourcesBuildPhase section */
		708CE6BC29D5772800B249A2 /* Sources */ = {
			isa = PBXSourcesBuildPhase;
			buildActionMask = 2147483647;
			files = (
				708CE6C629D5772800B249A2 /* ContentView.swift in Sources */,
				708CE6C429D5772800B249A2 /* VigramSDK_DistributionAppApp.swift in Sources */,
			);
			runOnlyForDeploymentPostprocessing = 0;
		};
/* End PBXSourcesBuildPhase section */

/* Begin XCBuildConfiguration section */
		708CE6CC29D5772B00B249A2 /* Debug */ = {
			isa = XCBuildConfiguration;
			buildSettings = {
				ALWAYS_SEARCH_USER_PATHS = NO;
				CLANG_ANALYZER_NONNULL = YES;
				CLANG_ANALYZER_NUMBER_OBJECT_CONVERSION = YES_AGGRESSIVE;
				CLANG_CXX_LANGUAGE_STANDARD = "gnu++20";
				CLANG_ENABLE_MODULES = YES;
				CLANG_ENABLE_OBJC_ARC = YES;
				CLANG_ENABLE_OBJC_WEAK = YES;
				CLANG_WARN_BLOCK_CAPTURE_AUTORELEASING = YES;
				CLANG_WARN_BOOL_CONVERSION = YES;
				CLANG_WARN_COMMA = YES;
				CLANG_WARN_CONSTANT_CONVERSION = YES;
				CLANG_WARN_DEPRECATED_OBJC_IMPLEMENTATIONS = YES;
				CLANG_WARN_DIRECT_OBJC_ISA_USAGE = YES_ERROR;
				CLANG_WARN_DOCUMENTATION_COMMENTS = YES;
				CLANG_WARN_EMPTY_BODY = YES;
				CLANG_WARN_ENUM_CONVERSION = YES;
				CLANG_WARN_INFINITE_RECURSION = YES;
				CLANG_WARN_INT_CONVERSION = YES;
				CLANG_WARN_NON_LITERAL_NULL_CONVERSION = YES;
				CLANG_WARN_OBJC_IMPLICIT_RETAIN_SELF = YES;
				CLANG_WARN_OBJC_LITERAL_CONVERSION = YES;
				CLANG_WARN_OBJC_ROOT_CLASS = YES_ERROR;
				CLANG_WARN_QUOTED_INCLUDE_IN_FRAMEWORK_HEADER = YES;
				CLANG_WARN_RANGE_LOOP_ANALYSIS = YES;
				CLANG_WARN_STRICT_PROTOTYPES = YES;
				CLANG_WARN_SUSPICIOUS_MOVE = YES;
				CLANG_WARN_UNGUARDED_AVAILABILITY = YES_AGGRESSIVE;
				CLANG_WARN_UNREACHABLE_CODE = YES;
				CLANG_WARN__DUPLICATE_METHOD_MATCH = YES;
				COPY_PHASE_STRIP = NO;
				DEBUG_INFORMATION_FORMAT = dwarf;
				ENABLE_STRICT_OBJC_MSGSEND = YES;
				ENABLE_TESTABILITY = YES;
				GCC_C_LANGUAGE_STANDARD = gnu11;
				GCC_DYNAMIC_NO_PIC = NO;
				GCC_NO_COMMON_BLOCKS = YES;
				GCC_OPTIMIZATION_LEVEL = 0;
				GCC_PREPROCESSOR_DEFINITIONS = (
					"DEBUG=1",
					"$(inherited)",
				);
				GCC_WARN_64_TO_32_BIT_CONVERSION = YES;
				GCC_WARN_ABOUT_RETURN_TYPE = YES_ERROR;
				GCC_WARN_UNDECLARED_SELECTOR = YES;
				GCC_WARN_UNINITIALIZED_AUTOS = YES_AGGRESSIVE;
				GCC_WARN_UNUSED_FUNCTION = YES;
				GCC_WARN_UNUSED_VARIABLE = YES;
				IPHONEOS_DEPLOYMENT_TARGET = 16.2;
				MTL_ENABLE_DEBUG_INFO = INCLUDE_SOURCE;
				MTL_FAST_MATH = YES;
				ONLY_ACTIVE_ARCH = YES;
				SDKROOT = iphoneos;
				SWIFT_ACTIVE_COMPILATION_CONDITIONS = DEBUG;
				SWIFT_OPTIMIZATION_LEVEL = "-Onone";
			};
			name = Debug;
		};
		708CE6CD29D5772B00B249A2 /* Release */ = {
			isa = XCBuildConfiguration;
			buildSettings = {
				ALWAYS_SEARCH_USER_PATHS = NO;
				CLANG_ANALYZER_NONNULL = YES;
				CLANG_ANALYZER_NUMBER_OBJECT_CONVERSION = YES_AGGRESSIVE;
				CLANG_CXX_LANGUAGE_STANDARD = "gnu++20";
				CLANG_ENABLE_MODULES = YES;
				CLANG_ENABLE_OBJC_ARC = YES;
				CLANG_ENABLE_OBJC_WEAK = YES;
				CLANG_WARN_BLOCK_CAPTURE_AUTORELEASING = YES;
				CLANG_WARN_BOOL_CONVERSION = YES;
				CLANG_WARN_COMMA = YES;
				CLANG_WARN_CONSTANT_CONVERSION = YES;
				CLANG_WARN_DEPRECATED_OBJC_IMPLEMENTATIONS = YES;
				CLANG_WARN_DIRECT_OBJC_ISA_USAGE = YES_ERROR;
				CLANG_WARN_DOCUMENTATION_COMMENTS = YES;
				CLANG_WARN_EMPTY_BODY = YES;
				CLANG_WARN_ENUM_CONVERSION = YES;
				CLANG_WARN_INFINITE_RECURSION = YES;
				CLANG_WARN_INT_CONVERSION = YES;
				CLANG_WARN_NON_LITERAL_NULL_CONVERSION = YES;
				CLANG_WARN_OBJC_IMPLICIT_RETAIN_SELF = YES;
				CLANG_WARN_OBJC_LITERAL_CONVERSION = YES;
				CLANG_WARN_OBJC_ROOT_CLASS = YES_ERROR;
				CLANG_WARN_QUOTED_INCLUDE_IN_FRAMEWORK_HEADER = YES;
				CLANG_WARN_RANGE_LOOP_ANALYSIS = YES;
				CLANG_WARN_STRICT_PROTOTYPES = YES;
				CLANG_WARN_SUSPICIOUS_MOVE = YES;
				CLANG_WARN_UNGUARDED_AVAILABILITY = YES_AGGRESSIVE;
				CLANG_WARN_UNREACHABLE_CODE = YES;
				CLANG_WARN__DUPLICATE_METHOD_MATCH = YES;
				COPY_PHASE_STRIP = NO;
				DEBUG_INFORMATION_FORMAT = "dwarf-with-dsym";
				ENABLE_NS_ASSERTIONS = NO;
				ENABLE_STRICT_OBJC_MSGSEND = YES;
				GCC_C_LANGUAGE_STANDARD = gnu11;
				GCC_NO_COMMON_BLOCKS = YES;
				GCC_WARN_64_TO_32_BIT_CONVERSION = YES;
				GCC_WARN_ABOUT_RETURN_TYPE = YES_ERROR;
				GCC_WARN_UNDECLARED_SELECTOR = YES;
				GCC_WARN_UNINITIALIZED_AUTOS = YES_AGGRESSIVE;
				GCC_WARN_UNUSED_FUNCTION = YES;
				GCC_WARN_UNUSED_VARIABLE = YES;
				IPHONEOS_DEPLOYMENT_TARGET = 16.2;
				MTL_ENABLE_DEBUG_INFO = NO;
				MTL_FAST_MATH = YES;
				SDKROOT = iphoneos;
				SWIFT_COMPILATION_MODE = wholemodule;
				SWIFT_OPTIMIZATION_LEVEL = "-O";
				VALIDATE_PRODUCT = YES;
			};
			name = Release;
		};
		708CE6CF29D5772B00B249A2 /* Debug */ = {
			isa = XCBuildConfiguration;
			buildSettings = {
				ASSETCATALOG_COMPILER_APPICON_NAME = AppIcon;
				ASSETCATALOG_COMPILER_GLOBAL_ACCENT_COLOR_NAME = AccentColor;
				CODE_SIGN_STYLE = Automatic;
				CURRENT_PROJECT_VERSION = 1;
				DEVELOPMENT_ASSET_PATHS = "\"VigramSDK-DistributionApp/Preview Content\"";
				DEVELOPMENT_TEAM = 36X7S3WFJC;
				ENABLE_PREVIEWS = YES;
				GENERATE_INFOPLIST_FILE = YES;
				INFOPLIST_KEY_UIApplicationSceneManifest_Generation = YES;
				INFOPLIST_KEY_UIApplicationSupportsIndirectInputEvents = YES;
				INFOPLIST_KEY_UILaunchScreen_Generation = YES;
				INFOPLIST_KEY_UISupportedInterfaceOrientations_iPad = "UIInterfaceOrientationPortrait UIInterfaceOrientationPortraitUpsideDown UIInterfaceOrientationLandscapeLeft UIInterfaceOrientationLandscapeRight";
				INFOPLIST_KEY_UISupportedInterfaceOrientations_iPhone = "UIInterfaceOrientationPortrait UIInterfaceOrientationLandscapeLeft UIInterfaceOrientationLandscapeRight";
				LD_RUNPATH_SEARCH_PATHS = (
					"$(inherited)",
					"@executable_path/Frameworks",
				);
				MARKETING_VERSION = 1.0;
				PRODUCT_BUNDLE_IDENTIFIER = com.vigram;
				PRODUCT_NAME = "$(TARGET_NAME)";
				SWIFT_EMIT_LOC_STRINGS = YES;
				SWIFT_VERSION = 5.0;
				TARGETED_DEVICE_FAMILY = "1,2";
			};
			name = Debug;
		};
		708CE6D029D5772B00B249A2 /* Release */ = {
			isa = XCBuildConfiguration;
			buildSettings = {
				ASSETCATALOG_COMPILER_APPICON_NAME = AppIcon;
				ASSETCATALOG_COMPILER_GLOBAL_ACCENT_COLOR_NAME = AccentColor;
				CODE_SIGN_STYLE = Automatic;
				CURRENT_PROJECT_VERSION = 1;
				DEVELOPMENT_ASSET_PATHS = "\"VigramSDK-DistributionApp/Preview Content\"";
				DEVELOPMENT_TEAM = 36X7S3WFJC;
				ENABLE_PREVIEWS = YES;
				GENERATE_INFOPLIST_FILE = YES;
				INFOPLIST_KEY_UIApplicationSceneManifest_Generation = YES;
				INFOPLIST_KEY_UIApplicationSupportsIndirectInputEvents = YES;
				INFOPLIST_KEY_UILaunchScreen_Generation = YES;
				INFOPLIST_KEY_UISupportedInterfaceOrientations_iPad = "UIInterfaceOrientationPortrait UIInterfaceOrientationPortraitUpsideDown UIInterfaceOrientationLandscapeLeft UIInterfaceOrientationLandscapeRight";
				INFOPLIST_KEY_UISupportedInterfaceOrientations_iPhone = "UIInterfaceOrientationPortrait UIInterfaceOrientationLandscapeLeft UIInterfaceOrientationLandscapeRight";
				LD_RUNPATH_SEARCH_PATHS = (
					"$(inherited)",
					"@executable_path/Frameworks",
				);
				MARKETING_VERSION = 1.0;
				PRODUCT_BUNDLE_IDENTIFIER = com.vigram;
				PRODUCT_NAME = "$(TARGET_NAME)";
				SWIFT_EMIT_LOC_STRINGS = YES;
				SWIFT_VERSION = 5.0;
				TARGETED_DEVICE_FAMILY = "1,2";
			};
			name = Release;
		};
/* End XCBuildConfiguration section */

/* Begin XCConfigurationList section */
		708CE6BB29D5772800B249A2 /* Build configuration list for PBXProject "VigramSDK-DistributionApp" */ = {
			isa = XCConfigurationList;
			buildConfigurations = (
				708CE6CC29D5772B00B249A2 /* Debug */,
				708CE6CD29D5772B00B249A2 /* Release */,
			);
			defaultConfigurationIsVisible = 0;
			defaultConfigurationName = Release;
		};
		708CE6CE29D5772B00B249A2 /* Build configuration list for PBXNativeTarget "VigramSDK-DistributionApp" */ = {
			isa = XCConfigurationList;
			buildConfigurations = (
				708CE6CF29D5772B00B249A2 /* Debug */,
				708CE6D029D5772B00B249A2 /* Release */,
			);
			defaultConfigurationIsVisible = 0;
			defaultConfigurationName = Release;
		};
/* End XCConfigurationList section */

/* Begin XCRemoteSwiftPackageReference section */
		70E3B5EC29EE899E000877A9 /* XCRemoteSwiftPackageReference "SDK_iOS_viDoc_Distribution" */ = {
			isa = XCRemoteSwiftPackageReference;
			repositoryURL = "https://github.com/vigram-gmbh/SDK_iOS_viDoc_Distribution.git";
			requirement = {
				kind = exactVersion;
				version = 0.5.3;
			};
		};
/* End XCRemoteSwiftPackageReference section */

/* Begin XCSwiftPackageProductDependency section */
		70E3B5ED29EE899E000877A9 /* VigramSDK */ = {
			isa = XCSwiftPackageProductDependency;
			package = 70E3B5EC29EE899E000877A9 /* XCRemoteSwiftPackageReference "SDK_iOS_viDoc_Distribution" */;
			productName = VigramSDK;
		};
/* End XCSwiftPackageProductDependency section */
	};
	rootObject = 708CE6B829D5772800B249A2 /* Project object */;
}
