{
  "originHash" : "6afe643f3889fa1a3c730ad20492cc0b2b8106cdb4d3bffa96afbb474800cac1",
  "pins" : [
    {
      "identity" : "rxswift",
      "kind" : "remoteSourceControl",
      "location" : "https://github.com/ReactiveX/RxSwift",
      "state" : {
        "revision" : "9dcaa4b333db437b0fbfaf453fad29069044a8b4",
        "version" : "6.6.0"
      }
    },
    {
      "identity" : "sdk_ios_vidoc_distribution",
      "kind" : "remoteSourceControl",
      "location" : "https://github.com/vigram-gmbh/SDK_iOS_viDoc_Distribution.git",
      "state" : {
        "revision" : "6bbf36eb623c8fc1e8b21b28269c07d8822c2cb7",
        "version" : "0.5.10"
      }
    }
  ],
  "version" : 3
}
