{
  "pins" : [
    {
      "identity" : "rxswift",
      "kind" : "remoteSourceControl",
      "location" : "https://github.com/ReactiveX/RxSwift",
      "state" : {
        "revision" : "9dcaa4b333db437b0fbfaf453fad29069044a8b4",
        "version" : "6.6.0"
      }
    },
    {
      "identity" : "sdk_ios_vidoc_distribution",
      "kind" : "remoteSourceControl",
      "location" : "https://github.com/vigram-gmbh/SDK_iOS_viDoc_Distribution.git",
      "state" : {
        "revision" : "e61a33a45deab5b298d0669ff06fe3ec252886e9",
        "version" : "0.6.4"
      }
    }
  ],
  "version" : 2
}
