{
  "pins" : [
    {
      "identity" : "rxswift",
      "kind" : "remoteSourceControl",
      "location" : "https://github.com/ReactiveX/RxSwift",
      "state" : {
        "revision" : "9dcaa4b333db437b0fbfaf453fad29069044a8b4",
        "version" : "6.6.0"
      }
    },
    {
      "identity" : "sdk_ios_vidoc_distribution",
      "kind" : "remoteSourceControl",
      "location" : "https://github.com/vigram-gmbh/SDK_iOS_viDoc_Distribution.git",
      "state" : {
        "revision" : "fdbc4fba6ffa2a53e4a1e5efeb6ea820cf832990",
        "version" : "0.5.7"
      }
    }
  ],
  "version" : 2
}
